// !$*UTF8*$!
{
	archiveVersion = 1;
	classes = {
	};
	objectVersion = 46;
	objects = {

/* Begin PBXBuildFile section */
		0348B0161CB5C90900CB5520 /* AppDelegate.swift in Sources */ = {isa = PBXBuildFile; fileRef = 0348B0151CB5C90900CB5520 /* AppDelegate.swift */; };
		0348B0181CB5C90900CB5520 /* ViewController.swift in Sources */ = {isa = PBXBuildFile; fileRef = 0348B0171CB5C90900CB5520 /* ViewController.swift */; };
		0348B01B1CB5C90900CB5520 /* Main.storyboard in Resources */ = {isa = PBXBuildFile; fileRef = 0348B0191CB5C90900CB5520 /* Main.storyboard */; };
		0348B01D1CB5C90900CB5520 /* Assets.xcassets in Resources */ = {isa = PBXBuildFile; fileRef = 0348B01C1CB5C90900CB5520 /* Assets.xcassets */; };
		0348B0201CB5C90900CB5520 /* LaunchScreen.storyboard in Resources */ = {isa = PBXBuildFile; fileRef = 0348B01E1CB5C90900CB5520 /* LaunchScreen.storyboard */; };
		0348B02A1CB5CF3700CB5520 /* Player.swift in Sources */ = {isa = PBXBuildFile; fileRef = 0348B0291CB5CF3700CB5520 /* Player.swift */; };
		0348B02E1CB5D03900CB5520 /* Character.swift in Sources */ = {isa = PBXBuildFile; fileRef = 0348B02D1CB5D03900CB5520 /* Character.swift */; };
		0348B0301CB5D09000CB5520 /* Kubarak.swift in Sources */ = {isa = PBXBuildFile; fileRef = 0348B02F1CB5D09000CB5520 /* Kubarak.swift */; };
		0348B0321CB5D0A400CB5520 /* Enemy.swift in Sources */ = {isa = PBXBuildFile; fileRef = 0348B0311CB5D0A400CB5520 /* Enemy.swift */; };
		0348B0341CB5D23D00CB5520 /* DarkWizard.swift in Sources */ = {isa = PBXBuildFile; fileRef = 0348B0331CB5D23D00CB5520 /* DarkWizard.swift */; };
/* End PBXBuildFile section */

/* Begin PBXFileReference section */
		0348B0121CB5C90900CB5520 /* rpgoop.app */ = {isa = PBXFileReference; explicitFileType = wrapper.application; includeInIndex = 0; path = rpgoop.app; sourceTree = BUILT_PRODUCTS_DIR; };
		0348B0151CB5C90900CB5520 /* AppDelegate.swift */ = {isa = PBXFileReference; lastKnownFileType = sourcecode.swift; path = AppDelegate.swift; sourceTree = "<group>"; };
		0348B0171CB5C90900CB5520 /* ViewController.swift */ = {isa = PBXFileReference; lastKnownFileType = sourcecode.swift; path = ViewController.swift; sourceTree = "<group>"; };
		0348B01A1CB5C90900CB5520 /* Base */ = {isa = PBXFileReference; lastKnownFileType = file.storyboard; name = Base; path = Base.lproj/Main.storyboard; sourceTree = "<group>"; };
		0348B01C1CB5C90900CB5520 /* Assets.xcassets */ = {isa = PBXFileReference; lastKnownFileType = folder.assetcatalog; path = Assets.xcassets; sourceTree = "<group>"; };
		0348B01F1CB5C90900CB5520 /* Base */ = {isa = PBXFileReference; lastKnownFileType = file.storyboard; name = Base; path = Base.lproj/LaunchScreen.storyboard; sourceTree = "<group>"; };
		0348B0211CB5C90900CB5520 /* Info.plist */ = {isa = PBXFileReference; lastKnownFileType = text.plist.xml; path = Info.plist; sourceTree = "<group>"; };
		0348B0291CB5CF3700CB5520 /* Player.swift */ = {isa = PBXFileReference; fileEncoding = 4; lastKnownFileType = sourcecode.swift; path = Player.swift; sourceTree = "<group>"; };
		0348B02D1CB5D03900CB5520 /* Character.swift */ = {isa = PBXFileReference; fileEncoding = 4; lastKnownFileType = sourcecode.swift; path = Character.swift; sourceTree = "<group>"; };
		0348B02F1CB5D09000CB5520 /* Kubarak.swift */ = {isa = PBXFileReference; fileEncoding = 4; lastKnownFileType = sourcecode.swift; path = Kubarak.swift; sourceTree = "<group>"; };
		0348B0311CB5D0A400CB5520 /* Enemy.swift */ = {isa = PBXFileReference; fileEncoding = 4; lastKnownFileType = sourcecode.swift; path = Enemy.swift; sourceTree = "<group>"; };
		0348B0331CB5D23D00CB5520 /* DarkWizard.swift */ = {isa = PBXFileReference; fileEncoding = 4; lastKnownFileType = sourcecode.swift; path = DarkWizard.swift; sourceTree = "<group>"; };
/* End PBXFileReference section */

/* Begin PBXFrameworksBuildPhase section */
		0348B00F1CB5C90900CB5520 /* Frameworks */ = {
			isa = PBXFrameworksBuildPhase;
			buildActionMask = 2147483647;
			files = (
			);
			runOnlyForDeploymentPostprocessing = 0;
		};
/* End PBXFrameworksBuildPhase section */

/* Begin PBXGroup section */
		0348B0091CB5C90900CB5520 = {
			isa = PBXGroup;
			children = (
				0348B0141CB5C90900CB5520 /* rpgoop */,
				0348B0131CB5C90900CB5520 /* Products */,
			);
			sourceTree = "<group>";
		};
		0348B0131CB5C90900CB5520 /* Products */ = {
			isa = PBXGroup;
			children = (
				0348B0121CB5C90900CB5520 /* rpgoop.app */,
			);
			name = Products;
			sourceTree = "<group>";
		};
		0348B0141CB5C90900CB5520 /* rpgoop */ = {
			isa = PBXGroup;
			children = (
				0348B0151CB5C90900CB5520 /* AppDelegate.swift */,
				0348B0171CB5C90900CB5520 /* ViewController.swift */,
				0348B02D1CB5D03900CB5520 /* Character.swift */,
				0348B0291CB5CF3700CB5520 /* Player.swift */,
				0348B0311CB5D0A400CB5520 /* Enemy.swift */,
				0348B02F1CB5D09000CB5520 /* Kubarak.swift */,
				0348B0331CB5D23D00CB5520 /* DarkWizard.swift */,
				0348B0191CB5C90900CB5520 /* Main.storyboard */,
				0348B01C1CB5C90900CB5520 /* Assets.xcassets */,
				0348B01E1CB5C90900CB5520 /* LaunchScreen.storyboard */,
				0348B0211CB5C90900CB5520 /* Info.plist */,
			);
			path = rpgoop;
			sourceTree = "<group>";
		};
/* End PBXGroup section */

/* Begin PBXNativeTarget section */
		0348B0111CB5C90900CB5520 /* rpgoop */ = {
			isa = PBXNativeTarget;
			buildConfigurationList = 0348B0241CB5C90900CB5520 /* Build configuration list for PBXNativeTarget "rpgoop" */;
			buildPhases = (
				0348B00E1CB5C90900CB5520 /* Sources */,
				0348B00F1CB5C90900CB5520 /* Frameworks */,
				0348B0101CB5C90900CB5520 /* Resources */,
			);
			buildRules = (
			);
			dependencies = (
			);
			name = rpgoop;
			productName = rpgoop;
			productReference = 0348B0121CB5C90900CB5520 /* rpgoop.app */;
			productType = "com.apple.product-type.application";
		};
/* End PBXNativeTarget section */

/* Begin PBXProject section */
		0348B00A1CB5C90900CB5520 /* Project object */ = {
			isa = PBXProject;
			attributes = {
				LastSwiftUpdateCheck = 0730;
				LastUpgradeCheck = 0730;
				ORGANIZATIONNAME = maslor;
				TargetAttributes = {
					0348B0111CB5C90900CB5520 = {
						CreatedOnToolsVersion = 7.3;
						DevelopmentTeam = 99FWSBF8EN;
					};
				};
			};
			buildConfigurationList = 0348B00D1CB5C90900CB5520 /* Build configuration list for PBXProject "rpgoop" */;
			compatibilityVersion = "Xcode 3.2";
			developmentRegion = English;
			hasScannedForEncodings = 0;
			knownRegions = (
				en,
				Base,
			);
			mainGroup = 0348B0091CB5C90900CB5520;
			productRefGroup = 0348B0131CB5C90900CB5520 /* Products */;
			projectDirPath = "";
			projectRoot = "";
			targets = (
				0348B0111CB5C90900CB5520 /* rpgoop */,
			);
		};
/* End PBXProject section */

/* Begin PBXResourcesBuildPhase section */
		0348B0101CB5C90900CB5520 /* Resources */ = {
			isa = PBXResourcesBuildPhase;
			buildActionMask = 2147483647;
			files = (
				0348B0201CB5C90900CB5520 /* LaunchScreen.storyboard in Resources */,
				0348B01D1CB5C90900CB5520 /* Assets.xcassets in Resources */,
				0348B01B1CB5C90900CB5520 /* Main.storyboard in Resources */,
			);
			runOnlyForDeploymentPostprocessing = 0;
		};
/* End PBXResourcesBuildPhase section */

/* Begin PBXSourcesBuildPhase section */
		0348B00E1CB5C90900CB5520 /* Sources */ = {
			isa = PBXSourcesBuildPhase;
			buildActionMask = 2147483647;
			files = (
				0348B02A1CB5CF3700CB5520 /* Player.swift in Sources */,
				0348B0301CB5D09000CB5520 /* Kubarak.swift in Sources */,
				0348B0321CB5D0A400CB5520 /* Enemy.swift in Sources */,
				0348B0181CB5C90900CB5520 /* ViewController.swift in Sources */,
				0348B0161CB5C90900CB5520 /* AppDelegate.swift in Sources */,
				0348B02E1CB5D03900CB5520 /* Character.swift in Sources */,
				0348B0341CB5D23D00CB5520 /* DarkWizard.swift in Sources */,
			);
			runOnlyForDeploymentPostprocessing = 0;
		};
/* End PBXSourcesBuildPhase section */

/* Begin PBXVariantGroup section */
		0348B0191CB5C90900CB5520 /* Main.storyboard */ = {
			isa = PBXVariantGroup;
			children = (
				0348B01A1CB5C90900CB5520 /* Base */,
			);
			name = Main.storyboard;
			sourceTree = "<group>";
		};
		0348B01E1CB5C90900CB5520 /* LaunchScreen.storyboard */ = {
			isa = PBXVariantGroup;
			children = (
				0348B01F1CB5C90900CB5520 /* Base */,
			);
			name = LaunchScreen.storyboard;
			sourceTree = "<group>";
		};
/* End PBXVariantGroup section */

/* Begin XCBuildConfiguration section */
		0348B0221CB5C90900CB5520 /* Debug */ = {
			isa = XCBuildConfiguration;
			buildSettings = {
				ALWAYS_SEARCH_USER_PATHS = NO;
				CLANG_ANALYZER_NONNULL = YES;
				CLANG_CXX_LANGUAGE_STANDARD = "gnu++0x";
				CLANG_CXX_LIBRARY = "libc++";
				CLANG_ENABLE_MODULES = YES;
				CLANG_ENABLE_OBJC_ARC = YES;
				CLANG_WARN_BOOL_CONVERSION = YES;
				CLANG_WARN_CONSTANT_CONVERSION = YES;
				CLANG_WARN_DIRECT_OBJC_ISA_USAGE = YES_ERROR;
				CLANG_WARN_EMPTY_BODY = YES;
				CLANG_WARN_ENUM_CONVERSION = YES;
				CLANG_WARN_INT_CONVERSION = YES;
				CLANG_WARN_OBJC_ROOT_CLASS = YES_ERROR;
				CLANG_WARN_UNREACHABLE_CODE = YES;
				CLANG_WARN__DUPLICATE_METHOD_MATCH = YES;
				"CODE_SIGN_IDENTITY[sdk=iphoneos*]" = "iPhone Developer";
				COPY_PHASE_STRIP = NO;
				DEBUG_INFORMATION_FORMAT = dwarf;
				ENABLE_STRICT_OBJC_MSGSEND = YES;
				ENABLE_TESTABILITY = YES;
				GCC_C_LANGUAGE_STANDARD = gnu99;
				GCC_DYNAMIC_NO_PIC = NO;
				GCC_NO_COMMON_BLOCKS = YES;
				GCC_OPTIMIZATION_LEVEL = 0;
				GCC_PREPROCESSOR_DEFINITIONS = (
					"DEBUG=1",
					"$(inherited)",
				);
				GCC_WARN_64_TO_32_BIT_CONVERSION = YES;
				GCC_WARN_ABOUT_RETURN_TYPE = YES_ERROR;
				GCC_WARN_UNDECLARED_SELECTOR = YES;
				GCC_WARN_UNINITIALIZED_AUTOS = YES_AGGRESSIVE;
				GCC_WARN_UNUSED_FUNCTION = YES;
				GCC_WARN_UNUSED_VARIABLE = YES;
				IPHONEOS_DEPLOYMENT_TARGET = 9.3;
				MTL_ENABLE_DEBUG_INFO = YES;
				ONLY_ACTIVE_ARCH = YES;
				SDKROOT = iphoneos;
				SWIFT_OPTIMIZATION_LEVEL = "-Onone";
			};
			name = Debug;
		};
		0348B0231CB5C90900CB5520 /* Release */ = {
			isa = XCBuildConfiguration;
			buildSettings = {
				ALWAYS_SEARCH_USER_PATHS = NO;
				CLANG_ANALYZER_NONNULL = YES;
				CLANG_CXX_LANGUAGE_STANDARD = "gnu++0x";
				CLANG_CXX_LIBRARY = "libc++";
				CLANG_ENABLE_MODULES = YES;
				CLANG_ENABLE_OBJC_ARC = YES;
				CLANG_WARN_BOOL_CONVERSION = YES;
				CLANG_WARN_CONSTANT_CONVERSION = YES;
				CLANG_WARN_DIRECT_OBJC_ISA_USAGE = YES_ERROR;
				CLANG_WARN_EMPTY_BODY = YES;
				CLANG_WARN_ENUM_CONVERSION = YES;
				CLANG_WARN_INT_CONVERSION = YES;
				CLANG_WARN_OBJC_ROOT_CLASS = YES_ERROR;
				CLANG_WARN_UNREACHABLE_CODE = YES;
				CLANG_WARN__DUPLICATE_METHOD_MATCH = YES;
				"CODE_SIGN_IDENTITY[sdk=iphoneos*]" = "iPhone Developer";
				COPY_PHASE_STRIP = NO;
				DEBUG_INFORMATION_FORMAT = "dwarf-with-dsym";
				ENABLE_NS_ASSERTIONS = NO;
				ENABLE_STRICT_OBJC_MSGSEND = YES;
				GCC_C_LANGUAGE_STANDARD = gnu99;
				GCC_NO_COMMON_BLOCKS = YES;
				GCC_WARN_64_TO_32_BIT_CONVERSION = YES;
				GCC_WARN_ABOUT_RETURN_TYPE = YES_ERROR;
				GCC_WARN_UNDECLARED_SELECTOR = YES;
				GCC_WARN_UNINITIALIZED_AUTOS = YES_AGGRESSIVE;
				GCC_WARN_UNUSED_FUNCTION = YES;
				GCC_WARN_UNUSED_VARIABLE = YES;
				IPHONEOS_DEPLOYMENT_TARGET = 9.3;
				MTL_ENABLE_DEBUG_INFO = NO;
				SDKROOT = iphoneos;
				VALIDATE_PRODUCT = YES;
			};
			name = Release;
		};
		0348B0251CB5C90900CB5520 /* Debug */ = {
			isa = XCBuildConfiguration;
			buildSettings = {
				ASSETCATALOG_COMPILER_APPICON_NAME = AppIcon;
				INFOPLIST_FILE = rpgoop/Info.plist;
				LD_RUNPATH_SEARCH_PATHS = "$(inherited) @executable_path/Frameworks";
				PRODUCT_BUNDLE_IDENTIFIER = com.maslor.rpgoop;
				PRODUCT_NAME = "$(TARGET_NAME)";
			};
			name = Debug;
		};
		0348B0261CB5C90900CB5520 /* Release */ = {
			isa = XCBuildConfiguration;
			buildSettings = {
				ASSETCATALOG_COMPILER_APPICON_NAME = AppIcon;
				INFOPLIST_FILE = rpgoop/Info.plist;
				LD_RUNPATH_SEARCH_PATHS = "$(inherited) @executable_path/Frameworks";
				PRODUCT_BUNDLE_IDENTIFIER = com.maslor.rpgoop;
				PRODUCT_NAME = "$(TARGET_NAME)";
			};
			name = Release;
		};
/* End XCBuildConfiguration section */

/* Begin XCConfigurationList section */
		0348B00D1CB5C90900CB5520 /* Build configuration list for PBXProject "rpgoop" */ = {
			isa = XCConfigurationList;
			buildConfigurations = (
				0348B0221CB5C90900CB5520 /* Debug */,
				0348B0231CB5C90900CB5520 /* Release */,
			);
			defaultConfigurationIsVisible = 0;
			defaultConfigurationName = Release;
		};
		0348B0241CB5C90900CB5520 /* Build configuration list for PBXNativeTarget "rpgoop" */ = {
			isa = XCConfigurationList;
			buildConfigurations = (
				0348B0251CB5C90900CB5520 /* Debug */,
				0348B0261CB5C90900CB5520 /* Release */,
			);
			defaultConfigurationIsVisible = 0;
		};
/* End XCConfigurationList section */
	};
	rootObject = 0348B00A1CB5C90900CB5520 /* Project object */;
}
